
Microsoft Visual Studio Solution File, Format Version 12.00
# Visual Studio Version 17
VisualStudioVersion = 17.0.31903.59
MinimumVisualStudioVersion = 10.0.40219.1
Project("{FAE04EC0-301F-11D3-BF4B-00C04F79EFBC}") = "API", "API\API.csproj", "{0E1B9730-1914-4464-B0A3-7AFBF7B0080F}"
EndProject
Project("{FAE04EC0-301F-11D3-BF4B-00C04F79EFBC}") = "Core", "Core\Core.csproj", "{6104125C-493C-4DA3-A9FE-5B1F830AF835}"
EndProject
Project("{FAE04EC0-301F-11D3-BF4B-00C04F79EFBC}") = "Infrastructure", "Infrastructure\Infrastructure.csproj", "{E4F27EC0-7B20-443A-A0D8-1A2F70F89BE1}"
EndProject
Global
	GlobalSection(SolutionConfigurationPlatforms) = preSolution
		Debug|Any CPU = Debug|Any CPU
		Release|Any CPU = Release|Any CPU
	EndGlobalSection
	GlobalSection(SolutionProperties) = preSolution
		HideSolutionNode = FALSE
	EndGlobalSection
	GlobalSection(ProjectConfigurationPlatforms) = postSolution
		{0E1B9730-1914-4464-B0A3-7AFBF7B0080F}.Debug|Any CPU.ActiveCfg = Debug|Any CPU
		{0E1B9730-1914-4464-B0A3-7AFBF7B0080F}.Debug|Any CPU.Build.0 = Debug|Any CPU
		{0E1B9730-1914-4464-B0A3-7AFBF7B0080F}.Release|Any CPU.ActiveCfg = Release|Any CPU
		{0E1B9730-1914-4464-B0A3-7AFBF7B0080F}.Release|Any CPU.Build.0 = Release|Any CPU
		{6104125C-493C-4DA3-A9FE-5B1F830AF835}.Debug|Any CPU.ActiveCfg = Debug|Any CPU
		{6104125C-493C-4DA3-A9FE-5B1F830AF835}.Debug|Any CPU.Build.0 = Debug|Any CPU
		{6104125C-493C-4DA3-A9FE-5B1F830AF835}.Release|Any CPU.ActiveCfg = Release|Any CPU
		{6104125C-493C-4DA3-A9FE-5B1F830AF835}.Release|Any CPU.Build.0 = Release|Any CPU
		{E4F27EC0-7B20-443A-A0D8-1A2F70F89BE1}.Debug|Any CPU.ActiveCfg = Debug|Any CPU
		{E4F27EC0-7B20-443A-A0D8-1A2F70F89BE1}.Debug|Any CPU.Build.0 = Debug|Any CPU
		{E4F27EC0-7B20-443A-A0D8-1A2F70F89BE1}.Release|Any CPU.ActiveCfg = Release|Any CPU
		{E4F27EC0-7B20-443A-A0D8-1A2F70F89BE1}.Release|Any CPU.Build.0 = Release|Any CPU
	EndGlobalSection
EndGlobal
